
Microsoft Visual Studio Solution File, Format Version 12.00
# Visual Studio Version 17
VisualStudioVersion = 17.1.32328.378
MinimumVisualStudioVersion = 10.0.40219.1
Project("{8BC9CEB8-8B4A-11D0-8D11-00A0C91BC942}") = "DirectShowClass", "DirectShowClass\DirectShowClass.vcxproj", "{BC7E0473-BC31-4CD7-8A44-860A482B6FE1}"
EndProject
Project("{8BC9CEB8-8B4A-11D0-8D11-00A0C91BC942}") = "fancylib", "fancylib\fancylib.vcxproj", "{D6F0F22B-302F-4447-B206-48BAE2F770C1}"
	ProjectSection(ProjectDependencies) = postProject
		{89D78C42-857C-4F71-89E2-7DB52A053E62} = {89D78C42-857C-4F71-89E2-7DB52A053E62}
		{BC7E0473-BC31-4CD7-8A44-860A482B6FE1} = {BC7E0473-BC31-4CD7-8A44-860A482B6FE1}
		{B209A1D8-6C6F-4318-9A70-A03A2DE9C4A2} = {B209A1D8-6C6F-4318-9A70-A03A2DE9C4A2}
	EndProjectSection
EndProject
Project("{8BC9CEB8-8B4A-11D0-8D11-00A0C91BC942}") = "fancy2D", "fancy2D\fancy2D.vcxproj", "{89A4F0A7-53F3-4C4F-AEFF-27074CCAE973}"
	ProjectSection(ProjectDependencies) = postProject
		{D6F0F22B-302F-4447-B206-48BAE2F770C1} = {D6F0F22B-302F-4447-B206-48BAE2F770C1}
		{89D78C42-857C-4F71-89E2-7DB52A053E62} = {89D78C42-857C-4F71-89E2-7DB52A053E62}
		{BC7E0473-BC31-4CD7-8A44-860A482B6FE1} = {BC7E0473-BC31-4CD7-8A44-860A482B6FE1}
		{B209A1D8-6C6F-4318-9A70-A03A2DE9C4A2} = {B209A1D8-6C6F-4318-9A70-A03A2DE9C4A2}
	EndProjectSection
EndProject
Project("{8BC9CEB8-8B4A-11D0-8D11-00A0C91BC942}") = "Eyes2D", "Eyes2D\Eyes2D.vcxproj", "{B209A1D8-6C6F-4318-9A70-A03A2DE9C4A2}"
	ProjectSection(ProjectDependencies) = postProject
		{89D78C42-857C-4F71-89E2-7DB52A053E62} = {89D78C42-857C-4F71-89E2-7DB52A053E62}
		{BC7E0473-BC31-4CD7-8A44-860A482B6FE1} = {BC7E0473-BC31-4CD7-8A44-860A482B6FE1}
	EndProjectSection
EndProject
Project("{8BC9CEB8-8B4A-11D0-8D11-00A0C91BC942}") = "LuaExtend", "LuaExtend\LuaExtend.vcxproj", "{89D78C42-857C-4F71-89E2-7DB52A053E62}"
	ProjectSection(ProjectDependencies) = postProject
		{BC7E0473-BC31-4CD7-8A44-860A482B6FE1} = {BC7E0473-BC31-4CD7-8A44-860A482B6FE1}
	EndProjectSection
EndProject
Project("{8BC9CEB8-8B4A-11D0-8D11-00A0C91BC942}") = "SPFbase", "Engine\Engine.vcxproj", "{7D699C93-9D4B-471F-9ABF-3562CF7AE3C0}"
	ProjectSection(ProjectDependencies) = postProject
		{D6F0F22B-302F-4447-B206-48BAE2F770C1} = {D6F0F22B-302F-4447-B206-48BAE2F770C1}
		{89D78C42-857C-4F71-89E2-7DB52A053E62} = {89D78C42-857C-4F71-89E2-7DB52A053E62}
		{BC7E0473-BC31-4CD7-8A44-860A482B6FE1} = {BC7E0473-BC31-4CD7-8A44-860A482B6FE1}
		{89A4F0A7-53F3-4C4F-AEFF-27074CCAE973} = {89A4F0A7-53F3-4C4F-AEFF-27074CCAE973}
		{B209A1D8-6C6F-4318-9A70-A03A2DE9C4A2} = {B209A1D8-6C6F-4318-9A70-A03A2DE9C4A2}
	EndProjectSection
EndProject
Global
	GlobalSection(SolutionConfigurationPlatforms) = preSolution
		Debug|Any CPU = Debug|Any CPU
		Debug|x64 = Debug|x64
		Debug|x86 = Debug|x86
		Dev|Any CPU = Dev|Any CPU
		Dev|x64 = Dev|x64
		Dev|x86 = Dev|x86
		Release|Any CPU = Release|Any CPU
		Release|x64 = Release|x64
		Release|x86 = Release|x86
	EndGlobalSection
	GlobalSection(ProjectConfigurationPlatforms) = postSolution
		{BC7E0473-BC31-4CD7-8A44-860A482B6FE1}.Debug|Any CPU.ActiveCfg = Debug|Win32
		{BC7E0473-BC31-4CD7-8A44-860A482B6FE1}.Debug|Any CPU.Build.0 = Debug|Win32
		{BC7E0473-BC31-4CD7-8A44-860A482B6FE1}.Debug|x64.ActiveCfg = Debug|Win32
		{BC7E0473-BC31-4CD7-8A44-860A482B6FE1}.Debug|x86.ActiveCfg = Debug|Win32
		{BC7E0473-BC31-4CD7-8A44-860A482B6FE1}.Debug|x86.Build.0 = Debug|Win32
		{BC7E0473-BC31-4CD7-8A44-860A482B6FE1}.Dev|Any CPU.ActiveCfg = Release|ARM
		{BC7E0473-BC31-4CD7-8A44-860A482B6FE1}.Dev|Any CPU.Build.0 = Release|ARM
		{BC7E0473-BC31-4CD7-8A44-860A482B6FE1}.Dev|x64.ActiveCfg = Debug|ARM
		{BC7E0473-BC31-4CD7-8A44-860A482B6FE1}.Dev|x64.Build.0 = Debug|ARM
		{BC7E0473-BC31-4CD7-8A44-860A482B6FE1}.Dev|x86.ActiveCfg = Debug|Win32
		{BC7E0473-BC31-4CD7-8A44-860A482B6FE1}.Dev|x86.Build.0 = Debug|Win32
		{BC7E0473-BC31-4CD7-8A44-860A482B6FE1}.Release|Any CPU.ActiveCfg = Release|Win32
		{BC7E0473-BC31-4CD7-8A44-860A482B6FE1}.Release|Any CPU.Build.0 = Release|Win32
		{BC7E0473-BC31-4CD7-8A44-860A482B6FE1}.Release|x64.ActiveCfg = Release|Win32
		{BC7E0473-BC31-4CD7-8A44-860A482B6FE1}.Release|x86.ActiveCfg = Release|Win32
		{BC7E0473-BC31-4CD7-8A44-860A482B6FE1}.Release|x86.Build.0 = Release|Win32
		{D6F0F22B-302F-4447-B206-48BAE2F770C1}.Debug|Any CPU.ActiveCfg = Debug|Win32
		{D6F0F22B-302F-4447-B206-48BAE2F770C1}.Debug|Any CPU.Build.0 = Debug|Win32
		{D6F0F22B-302F-4447-B206-48BAE2F770C1}.Debug|x64.ActiveCfg = Debug|x64
		{D6F0F22B-302F-4447-B206-48BAE2F770C1}.Debug|x64.Build.0 = Debug|x64
		{D6F0F22B-302F-4447-B206-48BAE2F770C1}.Debug|x86.ActiveCfg = Debug|Win32
		{D6F0F22B-302F-4447-B206-48BAE2F770C1}.Debug|x86.Build.0 = Debug|Win32
		{D6F0F22B-302F-4447-B206-48BAE2F770C1}.Dev|Any CPU.ActiveCfg = Release|x64
		{D6F0F22B-302F-4447-B206-48BAE2F770C1}.Dev|Any CPU.Build.0 = Release|x64
		{D6F0F22B-302F-4447-B206-48BAE2F770C1}.Dev|x64.ActiveCfg = Debug|x64
		{D6F0F22B-302F-4447-B206-48BAE2F770C1}.Dev|x64.Build.0 = Debug|x64
		{D6F0F22B-302F-4447-B206-48BAE2F770C1}.Dev|x86.ActiveCfg = Debug|Win32
		{D6F0F22B-302F-4447-B206-48BAE2F770C1}.Dev|x86.Build.0 = Debug|Win32
		{D6F0F22B-302F-4447-B206-48BAE2F770C1}.Release|Any CPU.ActiveCfg = Release|Win32
		{D6F0F22B-302F-4447-B206-48BAE2F770C1}.Release|Any CPU.Build.0 = Release|Win32
		{D6F0F22B-302F-4447-B206-48BAE2F770C1}.Release|x64.ActiveCfg = Release|x64
		{D6F0F22B-302F-4447-B206-48BAE2F770C1}.Release|x64.Build.0 = Release|x64
		{D6F0F22B-302F-4447-B206-48BAE2F770C1}.Release|x86.ActiveCfg = Release|Win32
		{D6F0F22B-302F-4447-B206-48BAE2F770C1}.Release|x86.Build.0 = Release|Win32
		{89A4F0A7-53F3-4C4F-AEFF-27074CCAE973}.Debug|Any CPU.ActiveCfg = Debug|Win32
		{89A4F0A7-53F3-4C4F-AEFF-27074CCAE973}.Debug|Any CPU.Build.0 = Debug|Win32
		{89A4F0A7-53F3-4C4F-AEFF-27074CCAE973}.Debug|x64.ActiveCfg = Debug|Win32
		{89A4F0A7-53F3-4C4F-AEFF-27074CCAE973}.Debug|x86.ActiveCfg = Debug|Win32
		{89A4F0A7-53F3-4C4F-AEFF-27074CCAE973}.Debug|x86.Build.0 = Debug|Win32
		{89A4F0A7-53F3-4C4F-AEFF-27074CCAE973}.Dev|Any CPU.ActiveCfg = Release|ARM
		{89A4F0A7-53F3-4C4F-AEFF-27074CCAE973}.Dev|Any CPU.Build.0 = Release|ARM
		{89A4F0A7-53F3-4C4F-AEFF-27074CCAE973}.Dev|x64.ActiveCfg = Debug|ARM
		{89A4F0A7-53F3-4C4F-AEFF-27074CCAE973}.Dev|x64.Build.0 = Debug|ARM
		{89A4F0A7-53F3-4C4F-AEFF-27074CCAE973}.Dev|x86.ActiveCfg = Debug|Win32
		{89A4F0A7-53F3-4C4F-AEFF-27074CCAE973}.Dev|x86.Build.0 = Debug|Win32
		{89A4F0A7-53F3-4C4F-AEFF-27074CCAE973}.Release|Any CPU.ActiveCfg = Release|Win32
		{89A4F0A7-53F3-4C4F-AEFF-27074CCAE973}.Release|Any CPU.Build.0 = Release|Win32
		{89A4F0A7-53F3-4C4F-AEFF-27074CCAE973}.Release|x64.ActiveCfg = Release|Win32
		{89A4F0A7-53F3-4C4F-AEFF-27074CCAE973}.Release|x86.ActiveCfg = Release|Win32
		{89A4F0A7-53F3-4C4F-AEFF-27074CCAE973}.Release|x86.Build.0 = Release|Win32
		{B209A1D8-6C6F-4318-9A70-A03A2DE9C4A2}.Debug|Any CPU.ActiveCfg = Debug|Win32
		{B209A1D8-6C6F-4318-9A70-A03A2DE9C4A2}.Debug|Any CPU.Build.0 = Debug|Win32
		{B209A1D8-6C6F-4318-9A70-A03A2DE9C4A2}.Debug|x64.ActiveCfg = Debug|x64
		{B209A1D8-6C6F-4318-9A70-A03A2DE9C4A2}.Debug|x64.Build.0 = Debug|x64
		{B209A1D8-6C6F-4318-9A70-A03A2DE9C4A2}.Debug|x86.ActiveCfg = Debug|Win32
		{B209A1D8-6C6F-4318-9A70-A03A2DE9C4A2}.Debug|x86.Build.0 = Debug|Win32
		{B209A1D8-6C6F-4318-9A70-A03A2DE9C4A2}.Dev|Any CPU.ActiveCfg = Release|x64
		{B209A1D8-6C6F-4318-9A70-A03A2DE9C4A2}.Dev|Any CPU.Build.0 = Release|x64
		{B209A1D8-6C6F-4318-9A70-A03A2DE9C4A2}.Dev|x64.ActiveCfg = Debug|x64
		{B209A1D8-6C6F-4318-9A70-A03A2DE9C4A2}.Dev|x64.Build.0 = Debug|x64
		{B209A1D8-6C6F-4318-9A70-A03A2DE9C4A2}.Dev|x86.ActiveCfg = Debug|Win32
		{B209A1D8-6C6F-4318-9A70-A03A2DE9C4A2}.Dev|x86.Build.0 = Debug|Win32
		{B209A1D8-6C6F-4318-9A70-A03A2DE9C4A2}.Release|Any CPU.ActiveCfg = Release|Win32
		{B209A1D8-6C6F-4318-9A70-A03A2DE9C4A2}.Release|Any CPU.Build.0 = Release|Win32
		{B209A1D8-6C6F-4318-9A70-A03A2DE9C4A2}.Release|x64.ActiveCfg = Release|x64
		{B209A1D8-6C6F-4318-9A70-A03A2DE9C4A2}.Release|x64.Build.0 = Release|x64
		{B209A1D8-6C6F-4318-9A70-A03A2DE9C4A2}.Release|x86.ActiveCfg = Release|Win32
		{B209A1D8-6C6F-4318-9A70-A03A2DE9C4A2}.Release|x86.Build.0 = Release|Win32
		{89D78C42-857C-4F71-89E2-7DB52A053E62}.Debug|Any CPU.ActiveCfg = Debug|Win32
		{89D78C42-857C-4F71-89E2-7DB52A053E62}.Debug|Any CPU.Build.0 = Debug|Win32
		{89D78C42-857C-4F71-89E2-7DB52A053E62}.Debug|x64.ActiveCfg = Debug|x64
		{89D78C42-857C-4F71-89E2-7DB52A053E62}.Debug|x64.Build.0 = Debug|x64
		{89D78C42-857C-4F71-89E2-7DB52A053E62}.Debug|x86.ActiveCfg = Debug|Win32
		{89D78C42-857C-4F71-89E2-7DB52A053E62}.Debug|x86.Build.0 = Debug|Win32
		{89D78C42-857C-4F71-89E2-7DB52A053E62}.Dev|Any CPU.ActiveCfg = Release|x64
		{89D78C42-857C-4F71-89E2-7DB52A053E62}.Dev|Any CPU.Build.0 = Release|x64
		{89D78C42-857C-4F71-89E2-7DB52A053E62}.Dev|x64.ActiveCfg = Debug|x64
		{89D78C42-857C-4F71-89E2-7DB52A053E62}.Dev|x64.Build.0 = Debug|x64
		{89D78C42-857C-4F71-89E2-7DB52A053E62}.Dev|x86.ActiveCfg = Debug|Win32
		{89D78C42-857C-4F71-89E2-7DB52A053E62}.Dev|x86.Build.0 = Debug|Win32
		{89D78C42-857C-4F71-89E2-7DB52A053E62}.Release|Any CPU.ActiveCfg = Release|Win32
		{89D78C42-857C-4F71-89E2-7DB52A053E62}.Release|Any CPU.Build.0 = Release|Win32
		{89D78C42-857C-4F71-89E2-7DB52A053E62}.Release|x64.ActiveCfg = Release|x64
		{89D78C42-857C-4F71-89E2-7DB52A053E62}.Release|x64.Build.0 = Release|x64
		{89D78C42-857C-4F71-89E2-7DB52A053E62}.Release|x86.ActiveCfg = Release|Win32
		{89D78C42-857C-4F71-89E2-7DB52A053E62}.Release|x86.Build.0 = Release|Win32
		{7D699C93-9D4B-471F-9ABF-3562CF7AE3C0}.Debug|Any CPU.ActiveCfg = Debug|Win32
		{7D699C93-9D4B-471F-9ABF-3562CF7AE3C0}.Debug|Any CPU.Build.0 = Debug|Win32
		{7D699C93-9D4B-471F-9ABF-3562CF7AE3C0}.Debug|x64.ActiveCfg = Debug|x64
		{7D699C93-9D4B-471F-9ABF-3562CF7AE3C0}.Debug|x64.Build.0 = Debug|x64
		{7D699C93-9D4B-471F-9ABF-3562CF7AE3C0}.Debug|x86.ActiveCfg = Debug|Win32
		{7D699C93-9D4B-471F-9ABF-3562CF7AE3C0}.Debug|x86.Build.0 = Debug|Win32
		{7D699C93-9D4B-471F-9ABF-3562CF7AE3C0}.Dev|Any CPU.ActiveCfg = Dev|x64
		{7D699C93-9D4B-471F-9ABF-3562CF7AE3C0}.Dev|Any CPU.Build.0 = Dev|x64
		{7D699C93-9D4B-471F-9ABF-3562CF7AE3C0}.Dev|x64.ActiveCfg = Dev|x64
		{7D699C93-9D4B-471F-9ABF-3562CF7AE3C0}.Dev|x64.Build.0 = Dev|x64
		{7D699C93-9D4B-471F-9ABF-3562CF7AE3C0}.Dev|x86.ActiveCfg = Dev|Win32
		{7D699C93-9D4B-471F-9ABF-3562CF7AE3C0}.Dev|x86.Build.0 = Dev|Win32
		{7D699C93-9D4B-471F-9ABF-3562CF7AE3C0}.Release|Any CPU.ActiveCfg = Release|Win32
		{7D699C93-9D4B-471F-9ABF-3562CF7AE3C0}.Release|Any CPU.Build.0 = Release|Win32
		{7D699C93-9D4B-471F-9ABF-3562CF7AE3C0}.Release|x64.ActiveCfg = Release|x64
		{7D699C93-9D4B-471F-9ABF-3562CF7AE3C0}.Release|x64.Build.0 = Release|x64
		{7D699C93-9D4B-471F-9ABF-3562CF7AE3C0}.Release|x86.ActiveCfg = Release|Win32
		{7D699C93-9D4B-471F-9ABF-3562CF7AE3C0}.Release|x86.Build.0 = Release|Win32
	EndGlobalSection
	GlobalSection(SolutionProperties) = preSolution
		HideSolutionNode = FALSE
	EndGlobalSection
	GlobalSection(ExtensibilityGlobals) = postSolution
		SolutionGuid = {69D20EFA-C442-430A-B03D-751FAC4A1115}
	EndGlobalSection
EndGlobal
